// !$*UTF8*$!
{
	archiveVersion = 1;
	classes = {
	};
	objectVersion = 56;
	objects = {

/* Begin PBXBuildFile section */
		8C89A3C42A26DD0200D888A3 /* AppDelegate.swift in Sources */ = {isa = PBXBuildFile; fileRef = 8C89A3C32A26DD0200D888A3 /* AppDelegate.swift */; };
		8C89A3C62A26DD0200D888A3 /* SceneDelegate.swift in Sources */ = {isa = PBXBuildFile; fileRef = 8C89A3C52A26DD0200D888A3 /* SceneDelegate.swift */; };
		8C89A3C82A26DD0200D888A3 /* ViewController.swift in Sources */ = {isa = PBXBuildFile; fileRef = 8C89A3C72A26DD0200D888A3 /* ViewController.swift */; };
		8C89A3CB2A26DD0200D888A3 /* Main.storyboard in Resources */ = {isa = PBXBuildFile; fileRef = 8C89A3C92A26DD0200D888A3 /* Main.storyboard */; };
		8C89A3CD2A26DD0300D888A3 /* Assets.xcassets in Resources */ = {isa = PBXBuildFile; fileRef = 8C89A3CC2A26DD0300D888A3 /* Assets.xcassets */; };
		8C89A3D02A26DD0300D888A3 /* LaunchScreen.storyboard in Resources */ = {isa = PBXBuildFile; fileRef = 8C89A3CE2A26DD0300D888A3 /* LaunchScreen.storyboard */; };
		8C89A3D82A26DD0D00D888A3 /* DebuggerDetection.swift in Sources */ = {isa = PBXBuildFile; fileRef = 8C89A3D72A26DD0D00D888A3 /* DebuggerDetection.swift */; };
		8C89A3DA2A26E31800D888A3 /* SignalHandler.swift in Sources */ = {isa = PBXBuildFile; fileRef = 8C89A3D92A26E31800D888A3 /* SignalHandler.swift */; };
/* End PBXBuildFile section */

/* Begin PBXFileReference section */
		8C89A3C02A26DD0200D888A3 /* PruebaSig.app */ = {isa = PBXFileReference; explicitFileType = wrapper.application; includeInIndex = 0; path = PruebaSig.app; sourceTree = BUILT_PRODUCTS_DIR; };
		8C89A3C32A26DD0200D888A3 /* AppDelegate.swift */ = {isa = PBXFileReference; lastKnownFileType = sourcecode.swift; path = AppDelegate.swift; sourceTree = "<group>"; };
		8C89A3C52A26DD0200D888A3 /* SceneDelegate.swift */ = {isa = PBXFileReference; lastKnownFileType = sourcecode.swift; path = SceneDelegate.swift; sourceTree = "<group>"; };
		8C89A3C72A26DD0200D888A3 /* ViewController.swift */ = {isa = PBXFileReference; lastKnownFileType = sourcecode.swift; path = ViewController.swift; sourceTree = "<group>"; };
		8C89A3CA2A26DD0200D888A3 /* Base */ = {isa = PBXFileReference; lastKnownFileType = file.storyboard; name = Base; path = Base.lproj/Main.storyboard; sourceTree = "<group>"; };
		8C89A3CC2A26DD0300D888A3 /* Assets.xcassets */ = {isa = PBXFileReference; lastKnownFileType = folder.assetcatalog; path = Assets.xcassets; sourceTree = "<group>"; };
		8C89A3CF2A26DD0300D888A3 /* Base */ = {isa = PBXFileReference; lastKnownFileType = file.storyboard; name = Base; path = Base.lproj/LaunchScreen.storyboard; sourceTree = "<group>"; };
		8C89A3D12A26DD0300D888A3 /* Info.plist */ = {isa = PBXFileReference; lastKnownFileType = text.plist.xml; path = Info.plist; sourceTree = "<group>"; };
		8C89A3D72A26DD0D00D888A3 /* DebuggerDetection.swift */ = {isa = PBXFileReference; lastKnownFileType = sourcecode.swift; path = DebuggerDetection.swift; sourceTree = "<group>"; };
		8C89A3D92A26E31800D888A3 /* SignalHandler.swift */ = {isa = PBXFileReference; lastKnownFileType = sourcecode.swift; path = SignalHandler.swift; sourceTree = "<group>"; };
/* End PBXFileReference section */

/* Begin PBXFrameworksBuildPhase section */
		8C89A3BD2A26DD0200D888A3 /* Frameworks */ = {
			isa = PBXFrameworksBuildPhase;
			buildActionMask = 2147483647;
			files = (
			);
			runOnlyForDeploymentPostprocessing = 0;
		};
/* End PBXFrameworksBuildPhase section */

/* Begin PBXGroup section */
		8C89A3B72A26DD0200D888A3 = {
			isa = PBXGroup;
			children = (
				8C89A3C22A26DD0200D888A3 /* PruebaSig */,
				8C89A3C12A26DD0200D888A3 /* Products */,
			);
			sourceTree = "<group>";
		};
		8C89A3C12A26DD0200D888A3 /* Products */ = {
			isa = PBXGroup;
			children = (
				8C89A3C02A26DD0200D888A3 /* PruebaSig.app */,
			);
			name = Products;
			sourceTree = "<group>";
		};
		8C89A3C22A26DD0200D888A3 /* PruebaSig */ = {
			isa = PBXGroup;
			children = (
				8C89A3C32A26DD0200D888A3 /* AppDelegate.swift */,
				8C89A3C52A26DD0200D888A3 /* SceneDelegate.swift */,
				8C89A3C72A26DD0200D888A3 /* ViewController.swift */,
				8C89A3D72A26DD0D00D888A3 /* DebuggerDetection.swift */,
				8C89A3D92A26E31800D888A3 /* SignalHandler.swift */,
				8C89A3C92A26DD0200D888A3 /* Main.storyboard */,
				8C89A3CC2A26DD0300D888A3 /* Assets.xcassets */,
				8C89A3CE2A26DD0300D888A3 /* LaunchScreen.storyboard */,
				8C89A3D12A26DD0300D888A3 /* Info.plist */,
			);
			path = PruebaSig;
			sourceTree = "<group>";
		};
/* End PBXGroup section */

/* Begin PBXNativeTarget section */
		8C89A3BF2A26DD0200D888A3 /* PruebaSig */ = {
			isa = PBXNativeTarget;
			buildConfigurationList = 8C89A3D42A26DD0300D888A3 /* Build configuration list for PBXNativeTarget "PruebaSig" */;
			buildPhases = (
				8C89A3BC2A26DD0200D888A3 /* Sources */,
				8C89A3BD2A26DD0200D888A3 /* Frameworks */,
				8C89A3BE2A26DD0200D888A3 /* Resources */,
			);
			buildRules = (
			);
			dependencies = (
			);
			name = PruebaSig;
			productName = PruebaSig;
			productReference = 8C89A3C02A26DD0200D888A3 /* PruebaSig.app */;
			productType = "com.apple.product-type.application";
		};
/* End PBXNativeTarget section */

/* Begin PBXProject section */
		8C89A3B82A26DD0200D888A3 /* Project object */ = {
			isa = PBXProject;
			attributes = {
				BuildIndependentTargetsInParallel = 1;
				LastSwiftUpdateCheck = 1420;
				LastUpgradeCheck = 1420;
				TargetAttributes = {
					8C89A3BF2A26DD0200D888A3 = {
						CreatedOnToolsVersion = 14.2;
					};
				};
			};
			buildConfigurationList = 8C89A3BB2A26DD0200D888A3 /* Build configuration list for PBXProject "PruebaSig" */;
			compatibilityVersion = "Xcode 14.0";
			developmentRegion = en;
			hasScannedForEncodings = 0;
			knownRegions = (
				en,
				Base,
			);
			mainGroup = 8C89A3B72A26DD0200D888A3;
			productRefGroup = 8C89A3C12A26DD0200D888A3 /* Products */;
			projectDirPath = "";
			projectRoot = "";
			targets = (
				8C89A3BF2A26DD0200D888A3 /* PruebaSig */,
			);
		};
/* End PBXProject section */

/* Begin PBXResourcesBuildPhase section */
		8C89A3BE2A26DD0200D888A3 /* Resources */ = {
			isa = PBXResourcesBuildPhase;
			buildActionMask = 2147483647;
			files = (
				8C89A3D02A26DD0300D888A3 /* LaunchScreen.storyboard in Resources */,
				8C89A3CD2A26DD0300D888A3 /* Assets.xcassets in Resources */,
				8C89A3CB2A26DD0200D888A3 /* Main.storyboard in Resources */,
			);
			runOnlyForDeploymentPostprocessing = 0;
		};
/* End PBXResourcesBuildPhase section */

/* Begin PBXSourcesBuildPhase section */
		8C89A3BC2A26DD0200D888A3 /* Sources */ = {
			isa = PBXSourcesBuildPhase;
			buildActionMask = 2147483647;
			files = (
				8C89A3DA2A26E31800D888A3 /* SignalHandler.swift in Sources */,
				8C89A3C82A26DD0200D888A3 /* ViewController.swift in Sources */,
				8C89A3C42A26DD0200D888A3 /* AppDelegate.swift in Sources */,
				8C89A3C62A26DD0200D888A3 /* SceneDelegate.swift in Sources */,
				8C89A3D82A26DD0D00D888A3 /* DebuggerDetection.swift in Sources */,
			);
			runOnlyForDeploymentPostprocessing = 0;
		};
/* End PBXSourcesBuildPhase section */

/* Begin PBXVariantGroup section */
		8C89A3C92A26DD0200D888A3 /* Main.storyboard */ = {
			isa = PBXVariantGroup;
			children = (
				8C89A3CA2A26DD0200D888A3 /* Base */,
			);
			name = Main.storyboard;
			sourceTree = "<group>";
		};
		8C89A3CE2A26DD0300D888A3 /* LaunchScreen.storyboard */ = {
			isa = PBXVariantGroup;
			children = (
				8C89A3CF2A26DD0300D888A3 /* Base */,
			);
			name = LaunchScreen.storyboard;
			sourceTree = "<group>";
		};
/* End PBXVariantGroup section */

/* Begin XCBuildConfiguration section */
		8C89A3D22A26DD0300D888A3 /* Debug */ = {
			isa = XCBuildConfiguration;
			buildSettings = {
				ALWAYS_SEARCH_USER_PATHS = NO;
				CLANG_ANALYZER_NONNULL = YES;
				CLANG_ANALYZER_NUMBER_OBJECT_CONVERSION = YES_AGGRESSIVE;
				CLANG_CXX_LANGUAGE_STANDARD = "gnu++20";
				CLANG_ENABLE_MODULES = YES;
				CLANG_ENABLE_OBJC_ARC = YES;
				CLANG_ENABLE_OBJC_WEAK = YES;
				CLANG_WARN_BLOCK_CAPTURE_AUTORELEASING = YES;
				CLANG_WARN_BOOL_CONVERSION = YES;
				CLANG_WARN_COMMA = YES;
				CLANG_WARN_CONSTANT_CONVERSION = YES;
				CLANG_WARN_DEPRECATED_OBJC_IMPLEMENTATIONS = YES;
				CLANG_WARN_DIRECT_OBJC_ISA_USAGE = YES_ERROR;
				CLANG_WARN_DOCUMENTATION_COMMENTS = YES;
				CLANG_WARN_EMPTY_BODY = YES;
				CLANG_WARN_ENUM_CONVERSION = YES;
				CLANG_WARN_INFINITE_RECURSION = YES;
				CLANG_WARN_INT_CONVERSION = YES;
				CLANG_WARN_NON_LITERAL_NULL_CONVERSION = YES;
				CLANG_WARN_OBJC_IMPLICIT_RETAIN_SELF = YES;
				CLANG_WARN_OBJC_LITERAL_CONVERSION = YES;
				CLANG_WARN_OBJC_ROOT_CLASS = YES_ERROR;
				CLANG_WARN_QUOTED_INCLUDE_IN_FRAMEWORK_HEADER = YES;
				CLANG_WARN_RANGE_LOOP_ANALYSIS = YES;
				CLANG_WARN_STRICT_PROTOTYPES = YES;
				CLANG_WARN_SUSPICIOUS_MOVE = YES;
				CLANG_WARN_UNGUARDED_AVAILABILITY = YES_AGGRESSIVE;
				CLANG_WARN_UNREACHABLE_CODE = YES;
				CLANG_WARN__DUPLICATE_METHOD_MATCH = YES;
				COPY_PHASE_STRIP = NO;
				DEBUG_INFORMATION_FORMAT = dwarf;
				ENABLE_STRICT_OBJC_MSGSEND = YES;
				ENABLE_TESTABILITY = YES;
				GCC_C_LANGUAGE_STANDARD = gnu11;
				GCC_DYNAMIC_NO_PIC = NO;
				GCC_NO_COMMON_BLOCKS = YES;
				GCC_OPTIMIZATION_LEVEL = 0;
				GCC_PREPROCESSOR_DEFINITIONS = (
					"DEBUG=1",
					"$(inherited)",
				);
				GCC_WARN_64_TO_32_BIT_CONVERSION = YES;
				GCC_WARN_ABOUT_RETURN_TYPE = YES_ERROR;
				GCC_WARN_UNDECLARED_SELECTOR = YES;
				GCC_WARN_UNINITIALIZED_AUTOS = YES_AGGRESSIVE;
				GCC_WARN_UNUSED_FUNCTION = YES;
				GCC_WARN_UNUSED_VARIABLE = YES;
				IPHONEOS_DEPLOYMENT_TARGET = 16.2;
				MTL_ENABLE_DEBUG_INFO = INCLUDE_SOURCE;
				MTL_FAST_MATH = YES;
				ONLY_ACTIVE_ARCH = YES;
				SDKROOT = iphoneos;
				SWIFT_ACTIVE_COMPILATION_CONDITIONS = DEBUG;
				SWIFT_OPTIMIZATION_LEVEL = "-Onone";
			};
			name = Debug;
		};
		8C89A3D32A26DD0300D888A3 /* Release */ = {
			isa = XCBuildConfiguration;
			buildSettings = {
				ALWAYS_SEARCH_USER_PATHS = NO;
				CLANG_ANALYZER_NONNULL = YES;
				CLANG_ANALYZER_NUMBER_OBJECT_CONVERSION = YES_AGGRESSIVE;
				CLANG_CXX_LANGUAGE_STANDARD = "gnu++20";
				CLANG_ENABLE_MODULES = YES;
				CLANG_ENABLE_OBJC_ARC = YES;
				CLANG_ENABLE_OBJC_WEAK = YES;
				CLANG_WARN_BLOCK_CAPTURE_AUTORELEASING = YES;
				CLANG_WARN_BOOL_CONVERSION = YES;
				CLANG_WARN_COMMA = YES;
				CLANG_WARN_CONSTANT_CONVERSION = YES;
				CLANG_WARN_DEPRECATED_OBJC_IMPLEMENTATIONS = YES;
				CLANG_WARN_DIRECT_OBJC_ISA_USAGE = YES_ERROR;
				CLANG_WARN_DOCUMENTATION_COMMENTS = YES;
				CLANG_WARN_EMPTY_BODY = YES;
				CLANG_WARN_ENUM_CONVERSION = YES;
				CLANG_WARN_INFINITE_RECURSION = YES;
				CLANG_WARN_INT_CONVERSION = YES;
				CLANG_WARN_NON_LITERAL_NULL_CONVERSION = YES;
				CLANG_WARN_OBJC_IMPLICIT_RETAIN_SELF = YES;
				CLANG_WARN_OBJC_LITERAL_CONVERSION = YES;
				CLANG_WARN_OBJC_ROOT_CLASS = YES_ERROR;
				CLANG_WARN_QUOTED_INCLUDE_IN_FRAMEWORK_HEADER = YES;
				CLANG_WARN_RANGE_LOOP_ANALYSIS = YES;
				CLANG_WARN_STRICT_PROTOTYPES = YES;
				CLANG_WARN_SUSPICIOUS_MOVE = YES;
				CLANG_WARN_UNGUARDED_AVAILABILITY = YES_AGGRESSIVE;
				CLANG_WARN_UNREACHABLE_CODE = YES;
				CLANG_WARN__DUPLICATE_METHOD_MATCH = YES;
				COPY_PHASE_STRIP = NO;
				DEBUG_INFORMATION_FORMAT = "dwarf-with-dsym";
				ENABLE_NS_ASSERTIONS = NO;
				ENABLE_STRICT_OBJC_MSGSEND = YES;
				GCC_C_LANGUAGE_STANDARD = gnu11;
				GCC_NO_COMMON_BLOCKS = YES;
				GCC_WARN_64_TO_32_BIT_CONVERSION = YES;
				GCC_WARN_ABOUT_RETURN_TYPE = YES_ERROR;
				GCC_WARN_UNDECLARED_SELECTOR = YES;
				GCC_WARN_UNINITIALIZED_AUTOS = YES_AGGRESSIVE;
				GCC_WARN_UNUSED_FUNCTION = YES;
				GCC_WARN_UNUSED_VARIABLE = YES;
				IPHONEOS_DEPLOYMENT_TARGET = 16.2;
				MTL_ENABLE_DEBUG_INFO = NO;
				MTL_FAST_MATH = YES;
				SDKROOT = iphoneos;
				SWIFT_COMPILATION_MODE = wholemodule;
				SWIFT_OPTIMIZATION_LEVEL = "-O";
				VALIDATE_PRODUCT = YES;
			};
			name = Release;
		};
		8C89A3D52A26DD0300D888A3 /* Debug */ = {
			isa = XCBuildConfiguration;
			buildSettings = {
				ASSETCATALOG_COMPILER_APPICON_NAME = AppIcon;
				ASSETCATALOG_COMPILER_GLOBAL_ACCENT_COLOR_NAME = AccentColor;
				CODE_SIGN_STYLE = Automatic;
				CURRENT_PROJECT_VERSION = 1;
				DEVELOPMENT_TEAM = 87VTLY4A29;
				GENERATE_INFOPLIST_FILE = YES;
				INFOPLIST_FILE = PruebaSig/Info.plist;
				INFOPLIST_KEY_UIApplicationSupportsIndirectInputEvents = YES;
				INFOPLIST_KEY_UILaunchStoryboardName = LaunchScreen;
				INFOPLIST_KEY_UIMainStoryboardFile = Main;
				INFOPLIST_KEY_UISupportedInterfaceOrientations_iPad = "UIInterfaceOrientationPortrait UIInterfaceOrientationPortraitUpsideDown UIInterfaceOrientationLandscapeLeft UIInterfaceOrientationLandscapeRight";
				INFOPLIST_KEY_UISupportedInterfaceOrientations_iPhone = "UIInterfaceOrientationPortrait UIInterfaceOrientationLandscapeLeft UIInterfaceOrientationLandscapeRight";
				LD_RUNPATH_SEARCH_PATHS = (
					"$(inherited)",
					"@executable_path/Frameworks",
				);
				MARKETING_VERSION = 1.0;
				PRODUCT_BUNDLE_IDENTIFIER = com.PruebaSig.PruebaSig;
				PRODUCT_NAME = "$(TARGET_NAME)";
				SWIFT_EMIT_LOC_STRINGS = YES;
				SWIFT_VERSION = 5.0;
				TARGETED_DEVICE_FAMILY = "1,2";
			};
			name = Debug;
		};
		8C89A3D62A26DD0300D888A3 /* Release */ = {
			isa = XCBuildConfiguration;
			buildSettings = {
				ASSETCATALOG_COMPILER_APPICON_NAME = AppIcon;
				ASSETCATALOG_COMPILER_GLOBAL_ACCENT_COLOR_NAME = AccentColor;
				CODE_SIGN_STYLE = Automatic;
				CURRENT_PROJECT_VERSION = 1;
				DEVELOPMENT_TEAM = 87VTLY4A29;
				GENERATE_INFOPLIST_FILE = YES;
				INFOPLIST_FILE = PruebaSig/Info.plist;
				INFOPLIST_KEY_UIApplicationSupportsIndirectInputEvents = YES;
				INFOPLIST_KEY_UILaunchStoryboardName = LaunchScreen;
				INFOPLIST_KEY_UIMainStoryboardFile = Main;
				INFOPLIST_KEY_UISupportedInterfaceOrientations_iPad = "UIInterfaceOrientationPortrait UIInterfaceOrientationPortraitUpsideDown UIInterfaceOrientationLandscapeLeft UIInterfaceOrientationLandscapeRight";
				INFOPLIST_KEY_UISupportedInterfaceOrientations_iPhone = "UIInterfaceOrientationPortrait UIInterfaceOrientationLandscapeLeft UIInterfaceOrientationLandscapeRight";
				LD_RUNPATH_SEARCH_PATHS = (
					"$(inherited)",
					"@executable_path/Frameworks",
				);
				MARKETING_VERSION = 1.0;
				PRODUCT_BUNDLE_IDENTIFIER = com.PruebaSig.PruebaSig;
				PRODUCT_NAME = "$(TARGET_NAME)";
				SWIFT_EMIT_LOC_STRINGS = YES;
				SWIFT_VERSION = 5.0;
				TARGETED_DEVICE_FAMILY = "1,2";
			};
			name = Release;
		};
/* End XCBuildConfiguration section */

/* Begin XCConfigurationList section */
		8C89A3BB2A26DD0200D888A3 /* Build configuration list for PBXProject "PruebaSig" */ = {
			isa = XCConfigurationList;
			buildConfigurations = (
				8C89A3D22A26DD0300D888A3 /* Debug */,
				8C89A3D32A26DD0300D888A3 /* Release */,
			);
			defaultConfigurationIsVisible = 0;
			defaultConfigurationName = Release;
		};
		8C89A3D42A26DD0300D888A3 /* Build configuration list for PBXNativeTarget "PruebaSig" */ = {
			isa = XCConfigurationList;
			buildConfigurations = (
				8C89A3D52A26DD0300D888A3 /* Debug */,
				8C89A3D62A26DD0300D888A3 /* Release */,
			);
			defaultConfigurationIsVisible = 0;
			defaultConfigurationName = Release;
		};
/* End XCConfigurationList section */
	};
	rootObject = 8C89A3B82A26DD0200D888A3 /* Project object */;
}
